
Microsoft Visual Studio Solution File, Format Version 12.00
# Visual Studio Version 17
VisualStudioVersion = 17.14.36908.2 d17.14
MinimumVisualStudioVersion = 10.0.40219.1
Project("{00D1A9C2-B5F0-4AF3-8072-F6C62B433612}") = "AcademyP43", "AcademyP43\AcademyP43.sqlproj", "{DC4B3813-D575-41AC-8B80-A47E0A084BAE}"
EndProject
Global
	GlobalSection(SolutionConfigurationPlatforms) = preSolution
		Debug|Any CPU = Debug|Any CPU
		Release|Any CPU = Release|Any CPU
	EndGlobalSection
	GlobalSection(ProjectConfigurationPlatforms) = postSolution
		{DC4B3813-D575-41AC-8B80-A47E0A084BAE}.Debug|Any CPU.ActiveCfg = Debug|Any CPU
		{DC4B3813-D575-41AC-8B80-A47E0A084BAE}.Debug|Any CPU.Build.0 = Debug|Any CPU
		{DC4B3813-D575-41AC-8B80-A47E0A084BAE}.Debug|Any CPU.Deploy.0 = Debug|Any CPU
		{DC4B3813-D575-41AC-8B80-A47E0A084BAE}.Release|Any CPU.ActiveCfg = Release|Any CPU
		{DC4B3813-D575-41AC-8B80-A47E0A084BAE}.Release|Any CPU.Build.0 = Release|Any CPU
		{DC4B3813-D575-41AC-8B80-A47E0A084BAE}.Release|Any CPU.Deploy.0 = Release|Any CPU
	EndGlobalSection
	GlobalSection(SolutionProperties) = preSolution
		HideSolutionNode = FALSE
	EndGlobalSection
	GlobalSection(ExtensibilityGlobals) = postSolution
		SolutionGuid = {76AD1BF9-3A6A-4D6A-A8CB-07338B26A1B6}
	EndGlobalSection
EndGlobal
